{
  "nodes": {
    "dwm-eff": {
      "inputs": {
        "nixpkgs": [
          "stable"
        ]
      },
      "locked": {
        "lastModified": 1731252600,
        "narHash": "sha256-FekcoanPH2Kat2HYPwLGc5r/LC9l1HMjIk3X1DAGEEQ=",
        "owner": "eliasffyksen",
        "repo": "dwm-eff",
        "rev": "7d258c99658b68bc0a9e668b330a51cdad2f945e",
        "type": "github"
      },
      "original": {
        "owner": "eliasffyksen",
        "ref": "eff/unstable",
        "repo": "dwm-eff",
        "type": "github"
      }
    },
    "home-manager": {
      "inputs": {
        "nixpkgs": [
          "stable"
        ]
      },
      "locked": {
        "lastModified": 1733951536,
        "narHash": "sha256-Zb5ZCa7Xj+0gy5XVXINTSr71fCfAv+IKtmIXNrykT54=",
        "owner": "rycee",
        "repo": "home-manager",
        "rev": "1318c3f3b068cdcea922fa7c1a0a1f0c96c22f5f",
        "type": "github"
      },
      "original": {
        "owner": "rycee",
        "ref": "release-24.11",
        "repo": "home-manager",
        "type": "github"
      }
    },
    "nvim-conf": {
      "flake": false,
      "locked": {
        "lastModified": 1721408674,
        "narHash": "sha256-tVIRzZG+UWoGO1Dk0nkfKH8VZCUMRPJutR6Zc0BCvMY=",
        "owner": "eliasffyksen",
        "repo": "nvim-conf",
        "rev": "3fc94d6a19eb834716504cbfcf72cd16b6524912",
        "type": "github"
      },
      "original": {
        "owner": "eliasffyksen",
        "repo": "nvim-conf",
        "type": "github"
      }
    },
    "root": {
      "inputs": {
        "dwm-eff": "dwm-eff",
        "home-manager": "home-manager",
        "nvim-conf": "nvim-conf",
        "stable": "stable"
      }
    },
    "stable": {
      "locked": {
        "lastModified": 1733808091,
        "narHash": "sha256-KWwINTQelKOoQgrXftxoqxmKFZb9pLVfnRvK270nkVk=",
        "owner": "NixOS",
        "repo": "nixpkgs",
        "rev": "a0f3e10d94359665dba45b71b4227b0aeb851f8e",
        "type": "github"
      },
      "original": {
        "owner": "NixOS",
        "ref": "nixos-24.11",
        "repo": "nixpkgs",
        "type": "github"
      }
    }
  },
  "root": "root",
  "version": 7
}
